
Microsoft Visual Studio Solution File, Format Version 12.00
# Visual Studio Version 17
VisualStudioVersion = 17.13.35806.99 d17.13
MinimumVisualStudioVersion = 10.0.40219.1
Project("{FAE04EC0-301F-11D3-BF4B-00C04F79EFBC}") = "Assembly-CSharp", "Assembly-CSharp.csproj", "{2A60A26E-4ECD-8703-D2C2-2B99E48A16DB}"
EndProject
Global
	GlobalSection(SolutionConfigurationPlatforms) = preSolution
		Debug|Any CPU = Debug|Any CPU
		Release|Any CPU = Release|Any CPU
	EndGlobalSection
	GlobalSection(ProjectConfigurationPlatforms) = postSolution
		{2A60A26E-4ECD-8703-D2C2-2B99E48A16DB}.Debug|Any CPU.ActiveCfg = Debug|Any CPU
		{2A60A26E-4ECD-8703-D2C2-2B99E48A16DB}.Debug|Any CPU.Build.0 = Debug|Any CPU
		{2A60A26E-4ECD-8703-D2C2-2B99E48A16DB}.Release|Any CPU.ActiveCfg = Release|Any CPU
		{2A60A26E-4ECD-8703-D2C2-2B99E48A16DB}.Release|Any CPU.Build.0 = Release|Any CPU
	EndGlobalSection
	GlobalSection(SolutionProperties) = preSolution
		HideSolutionNode = FALSE
	EndGlobalSection
	GlobalSection(ExtensibilityGlobals) = postSolution
		SolutionGuid = {095BF195-7EA4-445B-82C2-65FD7690BE6F}
	EndGlobalSection
EndGlobal
